Microsoft Visual Studio Solution File, Format Version 12.00
# Visual Studio 15
VisualStudioVersion = 15.0.26124.0
MinimumVisualStudioVersion = 15.0.26124.0
Project("{2150E333-8FDC-42A3-9474-1A3956D46DE8}") = "src", "src", "{86DABD0F-9A0B-4762-8038-0079A5E80D58}"
EndProject
Project("{9A19103F-16F7-4668-BE54-9A1E7A4F7556}") = "Tragate.UI", "src\Tragate.UI\Tragate.UI.csproj", "{D2A1A399-9D9D-4F6D-86CE-B059B4611D82}"
EndProject
Project("{9A19103F-16F7-4668-BE54-9A1E7A4F7556}") = "Tragate.Tests", "src\Tragate.Tests\Tragate.Tests.csproj", "{EA70B17A-2871-4FBE-971D-4F532F1ECBC4}"
EndProject
Global
	GlobalSection(SolutionConfigurationPlatforms) = preSolution
		Debug|Any CPU = Debug|Any CPU
		Debug|x64 = Debug|x64
		Debug|x86 = Debug|x86
		Release|Any CPU = Release|Any CPU
		Release|x64 = Release|x64
		Release|x86 = Release|x86
	EndGlobalSection
	GlobalSection(ProjectConfigurationPlatforms) = postSolution
		{D2A1A399-9D9D-4F6D-86CE-B059B4611D82}.Debug|Any CPU.ActiveCfg = Debug|Any CPU
		{D2A1A399-9D9D-4F6D-86CE-B059B4611D82}.Debug|Any CPU.Build.0 = Debug|Any CPU
		{D2A1A399-9D9D-4F6D-86CE-B059B4611D82}.Debug|x64.ActiveCfg = Debug|Any CPU
		{D2A1A399-9D9D-4F6D-86CE-B059B4611D82}.Debug|x64.Build.0 = Debug|Any CPU
		{D2A1A399-9D9D-4F6D-86CE-B059B4611D82}.Debug|x86.ActiveCfg = Debug|Any CPU
		{D2A1A399-9D9D-4F6D-86CE-B059B4611D82}.Debug|x86.Build.0 = Debug|Any CPU
		{D2A1A399-9D9D-4F6D-86CE-B059B4611D82}.Release|Any CPU.ActiveCfg = Release|Any CPU
		{D2A1A399-9D9D-4F6D-86CE-B059B4611D82}.Release|Any CPU.Build.0 = Release|Any CPU
		{D2A1A399-9D9D-4F6D-86CE-B059B4611D82}.Release|x64.ActiveCfg = Release|Any CPU
		{D2A1A399-9D9D-4F6D-86CE-B059B4611D82}.Release|x64.Build.0 = Release|Any CPU
		{D2A1A399-9D9D-4F6D-86CE-B059B4611D82}.Release|x86.ActiveCfg = Release|Any CPU
		{D2A1A399-9D9D-4F6D-86CE-B059B4611D82}.Release|x86.Build.0 = Release|Any CPU
		{EA70B17A-2871-4FBE-971D-4F532F1ECBC4}.Debug|Any CPU.ActiveCfg = Debug|Any CPU
		{EA70B17A-2871-4FBE-971D-4F532F1ECBC4}.Debug|Any CPU.Build.0 = Debug|Any CPU
		{EA70B17A-2871-4FBE-971D-4F532F1ECBC4}.Debug|x64.ActiveCfg = Debug|Any CPU
		{EA70B17A-2871-4FBE-971D-4F532F1ECBC4}.Debug|x64.Build.0 = Debug|Any CPU
		{EA70B17A-2871-4FBE-971D-4F532F1ECBC4}.Debug|x86.ActiveCfg = Debug|Any CPU
		{EA70B17A-2871-4FBE-971D-4F532F1ECBC4}.Debug|x86.Build.0 = Debug|Any CPU
		{EA70B17A-2871-4FBE-971D-4F532F1ECBC4}.Release|Any CPU.ActiveCfg = Release|Any CPU
		{EA70B17A-2871-4FBE-971D-4F532F1ECBC4}.Release|Any CPU.Build.0 = Release|Any CPU
		{EA70B17A-2871-4FBE-971D-4F532F1ECBC4}.Release|x64.ActiveCfg = Release|Any CPU
		{EA70B17A-2871-4FBE-971D-4F532F1ECBC4}.Release|x64.Build.0 = Release|Any CPU
		{EA70B17A-2871-4FBE-971D-4F532F1ECBC4}.Release|x86.ActiveCfg = Release|Any CPU
		{EA70B17A-2871-4FBE-971D-4F532F1ECBC4}.Release|x86.Build.0 = Release|Any CPU
	EndGlobalSection
	GlobalSection(SolutionProperties) = preSolution
		HideSolutionNode = FALSE
	EndGlobalSection
	GlobalSection(NestedProjects) = preSolution
		{D2A1A399-9D9D-4F6D-86CE-B059B4611D82} = {86DABD0F-9A0B-4762-8038-0079A5E80D58}
		{EA70B17A-2871-4FBE-971D-4F532F1ECBC4} = {86DABD0F-9A0B-4762-8038-0079A5E80D58}
	EndGlobalSection
	GlobalSection(ExtensibilityGlobals) = postSolution
		SolutionGuid = {1CC18CAE-F25C-49E3-9A1F-B7F67B3935F7}
	EndGlobalSection
EndGlobal
